
Microsoft Visual Studio Solution File, Format Version 12.00
# Visual Studio Version 17
VisualStudioVersion = 17.6.33829.357
MinimumVisualStudioVersion = 10.0.40219.1
Project("{FAE04EC0-301F-11D3-BF4B-00C04F79EFBC}") = "WinFormsApp1", "WinFormsApp1.csproj", "{68F25674-1109-4B87-A5D1-8BF80AB50BB8}"
EndProject
Global
	GlobalSection(SolutionConfigurationPlatforms) = preSolution
		Debug|Any CPU = Debug|Any CPU
		Release|Any CPU = Release|Any CPU
	EndGlobalSection
	GlobalSection(ProjectConfigurationPlatforms) = postSolution
		{68F25674-1109-4B87-A5D1-8BF80AB50BB8}.Debug|Any CPU.ActiveCfg = Debug|Any CPU
		{68F25674-1109-4B87-A5D1-8BF80AB50BB8}.Debug|Any CPU.Build.0 = Debug|Any CPU
		{68F25674-1109-4B87-A5D1-8BF80AB50BB8}.Release|Any CPU.ActiveCfg = Release|Any CPU
		{68F25674-1109-4B87-A5D1-8BF80AB50BB8}.Release|Any CPU.Build.0 = Release|Any CPU
	EndGlobalSection
	GlobalSection(SolutionProperties) = preSolution
		HideSolutionNode = FALSE
	EndGlobalSection
	GlobalSection(ExtensibilityGlobals) = postSolution
		SolutionGuid = {5D9CF1C9-58FE-4394-AF4B-3468098CBEE3}
	EndGlobalSection
EndGlobal
